{
    "version": 3,
    "terraform_version": "0.11.9",
    "serial": 9,
    "lineage": "8e892e53-10f4-d129-23ab-c584eb456d4f",
    "modules": [
        {
            "path": [
                "root"
            ],
            "outputs": {},
            "resources": {
                "aws_codepipeline.foo": {
                    "type": "aws_codepipeline",
                    "depends_on": [
                        "aws_iam_role.codepipeline_role",
                        "aws_s3_bucket.foo",
                        "module.api_codebuild"
                    ],
                    "primary": {
                        "id": "marktest-pipeline",
                        "attributes": {
                            "arn": "arn:aws:codepipeline:eu-west-2:777596030597:marktest-pipeline",
                            "artifact_store.#": "1",
                            "artifact_store.0.encryption_key.#": "0",
                            "artifact_store.0.location": "marktest-storage-bucket",
                            "artifact_store.0.type": "S3",
                            "id": "marktest-pipeline",
                            "name": "marktest-pipeline",
                            "role_arn": "arn:aws:iam::777596030597:role/marktest-codepipeline-role",
                            "stage.#": "4",
                            "stage.0.action.#": "1",
                            "stage.0.action.0.category": "Source",
                            "stage.0.action.0.configuration.%": "3",
                            "stage.0.action.0.configuration.Branch": "master",
                            "stage.0.action.0.configuration.Owner": "Mark0930",
                            "stage.0.action.0.configuration.Repo": "apiGateway",
                            "stage.0.action.0.input_artifacts.#": "0",
                            "stage.0.action.0.name": "Api_Source",
                            "stage.0.action.0.output_artifacts.#": "1",
                            "stage.0.action.0.output_artifacts.0": "marktest-api-pipeline-artifact",
                            "stage.0.action.0.owner": "ThirdParty",
                            "stage.0.action.0.provider": "GitHub",
                            "stage.0.action.0.role_arn": "",
                            "stage.0.action.0.run_order": "1",
                            "stage.0.action.0.version": "1",
                            "stage.0.name": "Source",
                            "stage.1.action.#": "1",
                            "stage.1.action.0.category": "Build",
                            "stage.1.action.0.configuration.%": "1",
                            "stage.1.action.0.configuration.ProjectName": "marktest-api-codebuild-project-build",
                            "stage.1.action.0.input_artifacts.#": "1",
                            "stage.1.action.0.input_artifacts.0": "marktest-api-pipeline-artifact",
                            "stage.1.action.0.name": "Api",
                            "stage.1.action.0.output_artifacts.#": "0",
                            "stage.1.action.0.owner": "AWS",
                            "stage.1.action.0.provider": "CodeBuild",
                            "stage.1.action.0.role_arn": "",
                            "stage.1.action.0.run_order": "1",
                            "stage.1.action.0.version": "1",
                            "stage.1.name": "Dev",
                            "stage.2.action.#": "1",
                            "stage.2.action.0.category": "Build",
                            "stage.2.action.0.configuration.%": "1",
                            "stage.2.action.0.configuration.ProjectName": "marktest-api-codebuild-project-build",
                            "stage.2.action.0.input_artifacts.#": "1",
                            "stage.2.action.0.input_artifacts.0": "marktest-api-pipeline-artifact",
                            "stage.2.action.0.name": "Api",
                            "stage.2.action.0.output_artifacts.#": "0",
                            "stage.2.action.0.owner": "AWS",
                            "stage.2.action.0.provider": "CodeBuild",
                            "stage.2.action.0.role_arn": "",
                            "stage.2.action.0.run_order": "1",
                            "stage.2.action.0.version": "1",
                            "stage.2.name": "Stage",
                            "stage.3.action.#": "1",
                            "stage.3.action.0.category": "Build",
                            "stage.3.action.0.configuration.%": "1",
                            "stage.3.action.0.configuration.ProjectName": "marktest-api-codebuild-project-build",
                            "stage.3.action.0.input_artifacts.#": "1",
                            "stage.3.action.0.input_artifacts.0": "marktest-api-pipeline-artifact",
                            "stage.3.action.0.name": "APi",
                            "stage.3.action.0.output_artifacts.#": "0",
                            "stage.3.action.0.owner": "AWS",
                            "stage.3.action.0.provider": "CodeBuild",
                            "stage.3.action.0.role_arn": "",
                            "stage.3.action.0.run_order": "1",
                            "stage.3.action.0.version": "1",
                            "stage.3.name": "Prod"
                        },
                        "meta": {},
                        "tainted": false
                    },
                    "deposed": [],
                    "provider": "provider.aws"
                },
                "aws_iam_role.codepipeline_role": {
                    "type": "aws_iam_role",
                    "depends_on": [],
                    "primary": {
                        "id": "marktest-codepipeline-role",
                        "attributes": {
                            "arn": "arn:aws:iam::777596030597:role/marktest-codepipeline-role",
                            "assume_role_policy": "{\"Version\":\"2012-10-17\",\"Statement\":[{\"Effect\":\"Allow\",\"Principal\":{\"Service\":\"codepipeline.amazonaws.com\"},\"Action\":\"sts:AssumeRole\"}]}",
                            "create_date": "2018-11-03T17:31:14Z",
                            "description": "",
                            "force_detach_policies": "false",
                            "id": "marktest-codepipeline-role",
                            "max_session_duration": "3600",
                            "name": "marktest-codepipeline-role",
                            "path": "/",
                            "unique_id": "AROAJHDVS5FXUTDRUDRBC"
                        },
                        "meta": {},
                        "tainted": false
                    },
                    "deposed": [],
                    "provider": "provider.aws"
                },
                "aws_iam_role_policy.codepipeline_policy": {
                    "type": "aws_iam_role_policy",
                    "depends_on": [
                        "aws_iam_role.codepipeline_role"
                    ],
                    "primary": {
                        "id": "marktest-codepipeline-role:marktest-codepipeline_policy",
                        "attributes": {
                            "id": "marktest-codepipeline-role:marktest-codepipeline_policy",
                            "name": "marktest-codepipeline_policy",
                            "policy": "{\n  \"Version\": \"2012-10-17\",\n  \"Statement\": [\n    {\n      \"Effect\":\"Allow\",\n      \"Action\": [\n        \"s3:*\"\n      ],\n      \"Resource\": [\n        \"*\"\n      ]\n    },\n    {\n      \"Effect\": \"Allow\",\n      \"Action\": [\n        \"codebuild:*\"\n      ],\n      \"Resource\": \"*\"\n    }\n  ]\n}\n",
                            "role": "marktest-codepipeline-role"
                        },
                        "meta": {},
                        "tainted": false
                    },
                    "deposed": [],
                    "provider": "provider.aws"
                },
                "aws_s3_bucket.foo": {
                    "type": "aws_s3_bucket",
                    "depends_on": [],
                    "primary": {
                        "id": "marktest-storage-bucket",
                        "attributes": {
                            "acceleration_status": "",
                            "acl": "private",
                            "arn": "arn:aws:s3:::marktest-storage-bucket",
                            "bucket": "marktest-storage-bucket",
                            "bucket_domain_name": "marktest-storage-bucket.s3.amazonaws.com",
                            "bucket_regional_domain_name": "marktest-storage-bucket.s3.eu-west-2.amazonaws.com",
                            "cors_rule.#": "0",
                            "force_destroy": "true",
                            "hosted_zone_id": "Z3GKZC51ZF0DB4",
                            "id": "marktest-storage-bucket",
                            "lifecycle_rule.#": "0",
                            "logging.#": "0",
                            "region": "eu-west-2",
                            "replication_configuration.#": "0",
                            "request_payer": "BucketOwner",
                            "server_side_encryption_configuration.#": "0",
                            "tags.%": "0",
                            "versioning.#": "1",
                            "versioning.0.enabled": "false",
                            "versioning.0.mfa_delete": "false",
                            "website.#": "0"
                        },
                        "meta": {},
                        "tainted": false
                    },
                    "deposed": [],
                    "provider": "provider.aws"
                }
            },
            "depends_on": []
        },
        {
            "path": [
                "root",
                "api_codebuild"
            ],
            "outputs": {
                "codebuild_output": {
                    "sensitive": false,
                    "type": "string",
                    "value": "marktest-api-codebuild-project-build"
                }
            },
            "resources": {
                "aws_codebuild_project.build_project": {
                    "type": "aws_codebuild_project",
                    "depends_on": [
                        "aws_iam_role.codebuild_assume_role"
                    ],
                    "primary": {
                        "id": "arn:aws:codebuild:eu-west-2:777596030597:project/marktest-api-codebuild-project-build",
                        "attributes": {
                            "arn": "arn:aws:codebuild:eu-west-2:777596030597:project/marktest-api-codebuild-project-build",
                            "artifacts.#": "1",
                            "artifacts.2731293239.encryption_disabled": "false",
                            "artifacts.2731293239.location": "",
                            "artifacts.2731293239.name": "marktest-api-codebuild-project-build",
                            "artifacts.2731293239.namespace_type": "",
                            "artifacts.2731293239.packaging": "NONE",
                            "artifacts.2731293239.path": "",
                            "artifacts.2731293239.type": "CODEPIPELINE",
                            "badge_enabled": "false",
                            "badge_url": "",
                            "build_timeout": "60",
                            "cache.#": "1",
                            "cache.0.location": "",
                            "cache.0.type": "NO_CACHE",
                            "description": "The CodeBuild project for basic",
                            "encryption_key": "arn:aws:kms:eu-west-2:777596030597:alias/aws/s3",
                            "environment.#": "1",
                            "environment.1509741452.certificate": "",
                            "environment.1509741452.compute_type": "BUILD_GENERAL1_SMALL",
                            "environment.1509741452.environment_variable.#": "0",
                            "environment.1509741452.image": "aws/codebuild/nodejs:6.3.1",
                            "environment.1509741452.privileged_mode": "false",
                            "environment.1509741452.type": "LINUX_CONTAINER",
                            "id": "arn:aws:codebuild:eu-west-2:777596030597:project/marktest-api-codebuild-project-build",
                            "name": "marktest-api-codebuild-project-build",
                            "secondary_artifacts.#": "0",
                            "secondary_sources.#": "0",
                            "service_role": "arn:aws:iam::777596030597:role/marktest-api-codebuild-codebuild-role",
                            "source.#": "1",
                            "source.1660308976.auth.#": "0",
                            "source.1660308976.buildspec": "buildspec.yml",
                            "source.1660308976.git_clone_depth": "0",
                            "source.1660308976.insecure_ssl": "false",
                            "source.1660308976.location": "",
                            "source.1660308976.report_build_status": "false",
                            "source.1660308976.type": "CODEPIPELINE",
                            "tags.%": "0",
                            "vpc_config.#": "0"
                        },
                        "meta": {},
                        "tainted": false
                    },
                    "deposed": [],
                    "provider": "module.api_codebuild.provider.aws"
                },
                "aws_iam_role.codebuild_assume_role": {
                    "type": "aws_iam_role",
                    "depends_on": [],
                    "primary": {
                        "id": "marktest-api-codebuild-codebuild-role",
                        "attributes": {
                            "arn": "arn:aws:iam::777596030597:role/marktest-api-codebuild-codebuild-role",
                            "assume_role_policy": "{\"Version\":\"2012-10-17\",\"Statement\":[{\"Effect\":\"Allow\",\"Principal\":{\"Service\":\"codebuild.amazonaws.com\"},\"Action\":\"sts:AssumeRole\"}]}",
                            "create_date": "2018-11-03T17:31:15Z",
                            "description": "",
                            "force_detach_policies": "false",
                            "id": "marktest-api-codebuild-codebuild-role",
                            "max_session_duration": "3600",
                            "name": "marktest-api-codebuild-codebuild-role",
                            "path": "/",
                            "unique_id": "AROAIZLT3EM2S4DQL6UL6"
                        },
                        "meta": {},
                        "tainted": false
                    },
                    "deposed": [],
                    "provider": "module.api_codebuild.provider.aws"
                },
                "aws_iam_role_policy.codebuild_policy": {
                    "type": "aws_iam_role_policy",
                    "depends_on": [
                        "aws_codebuild_project.build_project",
                        "aws_iam_role.codebuild_assume_role"
                    ],
                    "primary": {
                        "id": "marktest-api-codebuild-codebuild-role:marktest-api-codebuild-codebuild-policy",
                        "attributes": {
                            "id": "marktest-api-codebuild-codebuild-role:marktest-api-codebuild-codebuild-policy",
                            "name": "marktest-api-codebuild-codebuild-policy",
                            "policy": "{\n  \"Version\": \"2012-10-17\",\n  \"Statement\": [\n    {\n      \"Action\": [\n       \"s3:PutObject\",\n       \"s3:GetObject\",\n       \"s3:GetObjectVersion\",\n       \"s3:GetBucketVersioning\",\n       \"ssm:*\"\n      ],\n      \"Resource\": \"*\",\n      \"Effect\": \"Allow\"\n    },\n    {\n      \"Effect\": \"Allow\",\n      \"Resource\": [\n        \"arn:aws:codebuild:eu-west-2:777596030597:project/marktest-api-codebuild-project-build\"\n      ],\n      \"Action\": [\n        \"codebuild:*\"\n      ]\n    },\n    {\n      \"Effect\": \"Allow\",\n      \"Resource\": [\n        \"*\"\n      ],\n      \"Action\": [\n        \"logs:CreateLogGroup\",\n        \"logs:CreateLogStream\",\n        \"logs:PutLogEvents\"\n      ]\n    }\n  ]\n}\n",
                            "role": "marktest-api-codebuild-codebuild-role"
                        },
                        "meta": {},
                        "tainted": false
                    },
                    "deposed": [],
                    "provider": "module.api_codebuild.provider.aws"
                }
            },
            "depends_on": []
        },
        {
            "path": [
                "root",
                "codebuild"
            ],
            "outputs": {
                "codebuild_output": {
                    "sensitive": false,
                    "type": "string",
                    "value": "marktest-project-build"
                }
            },
            "resources": {
                "aws_codebuild_project.build_project": {
                    "type": "aws_codebuild_project",
                    "depends_on": [
                        "aws_iam_role.codebuild_assume_role"
                    ],
                    "primary": {
                        "id": "arn:aws:codebuild:eu-west-2:777596030597:project/marktest-project-build",
                        "attributes": {
                            "arn": "arn:aws:codebuild:eu-west-2:777596030597:project/marktest-project-build",
                            "artifacts.#": "1",
                            "artifacts.2731293239.encryption_disabled": "false",
                            "artifacts.2731293239.location": "",
                            "artifacts.2731293239.name": "marktest-project-build",
                            "artifacts.2731293239.namespace_type": "",
                            "artifacts.2731293239.packaging": "NONE",
                            "artifacts.2731293239.path": "",
                            "artifacts.2731293239.type": "CODEPIPELINE",
                            "badge_enabled": "false",
                            "badge_url": "",
                            "build_timeout": "60",
                            "cache.#": "1",
                            "cache.0.location": "",
                            "cache.0.type": "NO_CACHE",
                            "description": "The CodeBuild project for basic",
                            "encryption_key": "arn:aws:kms:eu-west-2:777596030597:alias/aws/s3",
                            "environment.#": "1",
                            "environment.1509741452.certificate": "",
                            "environment.1509741452.compute_type": "BUILD_GENERAL1_SMALL",
                            "environment.1509741452.environment_variable.#": "0",
                            "environment.1509741452.image": "aws/codebuild/nodejs:6.3.1",
                            "environment.1509741452.privileged_mode": "false",
                            "environment.1509741452.type": "LINUX_CONTAINER",
                            "id": "arn:aws:codebuild:eu-west-2:777596030597:project/marktest-project-build",
                            "name": "marktest-project-build",
                            "secondary_artifacts.#": "0",
                            "secondary_sources.#": "0",
                            "service_role": "arn:aws:iam::777596030597:role/marktest-codebuild-role",
                            "source.#": "1",
                            "source.1660308976.auth.#": "0",
                            "source.1660308976.buildspec": "buildspec.yml",
                            "source.1660308976.git_clone_depth": "0",
                            "source.1660308976.insecure_ssl": "false",
                            "source.1660308976.location": "",
                            "source.1660308976.report_build_status": "false",
                            "source.1660308976.type": "CODEPIPELINE",
                            "tags.%": "0",
                            "vpc_config.#": "0"
                        },
                        "meta": {},
                        "tainted": false
                    },
                    "deposed": [],
                    "provider": "module.codebuild.provider.aws"
                },
                "aws_iam_role.codebuild_assume_role": {
                    "type": "aws_iam_role",
                    "depends_on": [],
                    "primary": {
                        "id": "marktest-codebuild-role",
                        "attributes": {
                            "arn": "arn:aws:iam::777596030597:role/marktest-codebuild-role",
                            "assume_role_policy": "{\"Version\":\"2012-10-17\",\"Statement\":[{\"Effect\":\"Allow\",\"Principal\":{\"Service\":\"codebuild.amazonaws.com\"},\"Action\":\"sts:AssumeRole\"}]}",
                            "create_date": "2018-11-03T17:31:15Z",
                            "description": "",
                            "force_detach_policies": "false",
                            "id": "marktest-codebuild-role",
                            "max_session_duration": "3600",
                            "name": "marktest-codebuild-role",
                            "path": "/",
                            "unique_id": "AROAJUFWKX4F32AE5ZZOC"
                        },
                        "meta": {},
                        "tainted": false
                    },
                    "deposed": [],
                    "provider": "module.codebuild.provider.aws"
                },
                "aws_iam_role_policy.codebuild_policy": {
                    "type": "aws_iam_role_policy",
                    "depends_on": [
                        "aws_codebuild_project.build_project",
                        "aws_iam_role.codebuild_assume_role"
                    ],
                    "primary": {
                        "id": "marktest-codebuild-role:marktest-codebuild-policy",
                        "attributes": {
                            "id": "marktest-codebuild-role:marktest-codebuild-policy",
                            "name": "marktest-codebuild-policy",
                            "policy": "{\n  \"Version\": \"2012-10-17\",\n  \"Statement\": [\n    {\n      \"Action\": [\n       \"s3:PutObject\",\n       \"s3:GetObject\",\n       \"s3:GetObjectVersion\",\n       \"s3:GetBucketVersioning\",\n       \"ssm:*\"\n      ],\n      \"Resource\": \"*\",\n      \"Effect\": \"Allow\"\n    },\n    {\n      \"Effect\": \"Allow\",\n      \"Resource\": [\n        \"arn:aws:codebuild:eu-west-2:777596030597:project/marktest-project-build\"\n      ],\n      \"Action\": [\n        \"codebuild:*\"\n      ]\n    },\n    {\n      \"Effect\": \"Allow\",\n      \"Resource\": [\n        \"*\"\n      ],\n      \"Action\": [\n        \"logs:CreateLogGroup\",\n        \"logs:CreateLogStream\",\n        \"logs:PutLogEvents\"\n      ]\n    }\n  ]\n}\n",
                            "role": "marktest-codebuild-role"
                        },
                        "meta": {},
                        "tainted": false
                    },
                    "deposed": [],
                    "provider": "module.codebuild.provider.aws"
                }
            },
            "depends_on": []
        }
    ]
}
